// !$*UTF8*$!
{
	archiveVersion = 1;
	classes = {
	};
	objectVersion = 55;
	objects = {

/* Begin PBXBuildFile section */
		3D49841B287BB7C900B7044D /* Offer.swift in Sources */ = {isa = PBXBuildFile; fileRef = 3D49841A287BB7C900B7044D /* Offer.swift */; };
		3D49841D287CE5EF00B7044D /* OffersPage.swift in Sources */ = {isa = PBXBuildFile; fileRef = 3D49841C287CE5EF00B7044D /* OffersPage.swift */; };
		3D498421287CF6EF00B7044D /* MenuPage.swift in Sources */ = {isa = PBXBuildFile; fileRef = 3D498420287CF6EF00B7044D /* MenuPage.swift */; };
		3D498423287CF70500B7044D /* OrdersPage.swift in Sources */ = {isa = PBXBuildFile; fileRef = 3D498422287CF70500B7044D /* OrdersPage.swift */; };
		3D498425287CF71000B7044D /* InfoPage.swift in Sources */ = {isa = PBXBuildFile; fileRef = 3D498424287CF71000B7044D /* InfoPage.swift */; };
		3D498427287CF83600B7044D /* ProductItem.swift in Sources */ = {isa = PBXBuildFile; fileRef = 3D498426287CF83600B7044D /* ProductItem.swift */; };
		3D498429287CF9FD00B7044D /* DetailsPage.swift in Sources */ = {isa = PBXBuildFile; fileRef = 3D498428287CF9FD00B7044D /* DetailsPage.swift */; };
		3D49842C287CFE9B00B7044D /* Category.swift in Sources */ = {isa = PBXBuildFile; fileRef = 3D49842B287CFE9B00B7044D /* Category.swift */; };
		3D49842E287CFEAA00B7044D /* Product.swift in Sources */ = {isa = PBXBuildFile; fileRef = 3D49842D287CFEAA00B7044D /* Product.swift */; };
		3D498430287D010000B7044D /* MenuManager.swift in Sources */ = {isa = PBXBuildFile; fileRef = 3D49842F287D010000B7044D /* MenuManager.swift */; };
		3D498432287D011C00B7044D /* CartManager.swift in Sources */ = {isa = PBXBuildFile; fileRef = 3D498431287D011C00B7044D /* CartManager.swift */; };
		3D498434287D062500B7044D /* OrderItem.swift in Sources */ = {isa = PBXBuildFile; fileRef = 3D498433287D062500B7044D /* OrderItem.swift */; };
		3D498437287D097F00B7044D /* Alamofire in Frameworks */ = {isa = PBXBuildFile; productRef = 3D498436287D097F00B7044D /* Alamofire */; };
		3DA957FC287B6FF70044807E /* CoffeeMastersNewApp.swift in Sources */ = {isa = PBXBuildFile; fileRef = 3DA957FB287B6FF70044807E /* CoffeeMastersNewApp.swift */; };
		3DA957FE287B6FF70044807E /* ContentView.swift in Sources */ = {isa = PBXBuildFile; fileRef = 3DA957FD287B6FF70044807E /* ContentView.swift */; };
		3DA95800287B6FFD0044807E /* Assets.xcassets in Resources */ = {isa = PBXBuildFile; fileRef = 3DA957FF287B6FFD0044807E /* Assets.xcassets */; };
		3DA95803287B6FFD0044807E /* Preview Assets.xcassets in Resources */ = {isa = PBXBuildFile; fileRef = 3DA95802287B6FFD0044807E /* Preview Assets.xcassets */; };
/* End PBXBuildFile section */

/* Begin PBXFileReference section */
		3D49841A287BB7C900B7044D /* Offer.swift */ = {isa = PBXFileReference; lastKnownFileType = sourcecode.swift; path = Offer.swift; sourceTree = "<group>"; };
		3D49841C287CE5EF00B7044D /* OffersPage.swift */ = {isa = PBXFileReference; lastKnownFileType = sourcecode.swift; path = OffersPage.swift; sourceTree = "<group>"; };
		3D498420287CF6EF00B7044D /* MenuPage.swift */ = {isa = PBXFileReference; lastKnownFileType = sourcecode.swift; path = MenuPage.swift; sourceTree = "<group>"; };
		3D498422287CF70500B7044D /* OrdersPage.swift */ = {isa = PBXFileReference; lastKnownFileType = sourcecode.swift; path = OrdersPage.swift; sourceTree = "<group>"; };
		3D498424287CF71000B7044D /* InfoPage.swift */ = {isa = PBXFileReference; lastKnownFileType = sourcecode.swift; path = InfoPage.swift; sourceTree = "<group>"; };
		3D498426287CF83600B7044D /* ProductItem.swift */ = {isa = PBXFileReference; lastKnownFileType = sourcecode.swift; path = ProductItem.swift; sourceTree = "<group>"; };
		3D498428287CF9FD00B7044D /* DetailsPage.swift */ = {isa = PBXFileReference; lastKnownFileType = sourcecode.swift; path = DetailsPage.swift; sourceTree = "<group>"; };
		3D49842B287CFE9B00B7044D /* Category.swift */ = {isa = PBXFileReference; lastKnownFileType = sourcecode.swift; path = Category.swift; sourceTree = "<group>"; };
		3D49842D287CFEAA00B7044D /* Product.swift */ = {isa = PBXFileReference; lastKnownFileType = sourcecode.swift; path = Product.swift; sourceTree = "<group>"; };
		3D49842F287D010000B7044D /* MenuManager.swift */ = {isa = PBXFileReference; lastKnownFileType = sourcecode.swift; path = MenuManager.swift; sourceTree = "<group>"; };
		3D498431287D011C00B7044D /* CartManager.swift */ = {isa = PBXFileReference; lastKnownFileType = sourcecode.swift; path = CartManager.swift; sourceTree = "<group>"; };
		3D498433287D062500B7044D /* OrderItem.swift */ = {isa = PBXFileReference; lastKnownFileType = sourcecode.swift; path = OrderItem.swift; sourceTree = "<group>"; };
		3D498438287E69AE00B7044D /* Info.plist */ = {isa = PBXFileReference; lastKnownFileType = text.plist; path = Info.plist; sourceTree = "<group>"; };
		3DA957F8287B6FF70044807E /* Coffee Masters.app */ = {isa = PBXFileReference; explicitFileType = wrapper.application; includeInIndex = 0; path = "Coffee Masters.app"; sourceTree = BUILT_PRODUCTS_DIR; };
		3DA957FB287B6FF70044807E /* CoffeeMastersNewApp.swift */ = {isa = PBXFileReference; lastKnownFileType = sourcecode.swift; path = CoffeeMastersNewApp.swift; sourceTree = "<group>"; };
		3DA957FD287B6FF70044807E /* ContentView.swift */ = {isa = PBXFileReference; lastKnownFileType = sourcecode.swift; path = ContentView.swift; sourceTree = "<group>"; };
		3DA957FF287B6FFD0044807E /* Assets.xcassets */ = {isa = PBXFileReference; lastKnownFileType = folder.assetcatalog; path = Assets.xcassets; sourceTree = "<group>"; };
		3DA95802287B6FFD0044807E /* Preview Assets.xcassets */ = {isa = PBXFileReference; lastKnownFileType = folder.assetcatalog; path = "Preview Assets.xcassets"; sourceTree = "<group>"; };
/* End PBXFileReference section */

/* Begin PBXFrameworksBuildPhase section */
		3DA957F5287B6FF70044807E /* Frameworks */ = {
			isa = PBXFrameworksBuildPhase;
			buildActionMask = 2147483647;
			files = (
				3D498437287D097F00B7044D /* Alamofire in Frameworks */,
			);
			runOnlyForDeploymentPostprocessing = 0;
		};
/* End PBXFrameworksBuildPhase section */

/* Begin PBXGroup section */
		3D49841E287CF6AA00B7044D /* Views */ = {
			isa = PBXGroup;
			children = (
				3D49841A287BB7C900B7044D /* Offer.swift */,
				3D498426287CF83600B7044D /* ProductItem.swift */,
				3D498433287D062500B7044D /* OrderItem.swift */,
			);
			path = Views;
			sourceTree = "<group>";
		};
		3D49841F287CF6C200B7044D /* Page Views */ = {
			isa = PBXGroup;
			children = (
				3D49841C287CE5EF00B7044D /* OffersPage.swift */,
				3D498420287CF6EF00B7044D /* MenuPage.swift */,
				3D498422287CF70500B7044D /* OrdersPage.swift */,
				3D498424287CF71000B7044D /* InfoPage.swift */,
				3D498428287CF9FD00B7044D /* DetailsPage.swift */,
			);
			path = "Page Views";
			sourceTree = "<group>";
		};
		3D49842A287CFE8300B7044D /* Model */ = {
			isa = PBXGroup;
			children = (
				3D49842B287CFE9B00B7044D /* Category.swift */,
				3D49842D287CFEAA00B7044D /* Product.swift */,
				3D49842F287D010000B7044D /* MenuManager.swift */,
				3D498431287D011C00B7044D /* CartManager.swift */,
			);
			path = Model;
			sourceTree = "<group>";
		};
		3DA957EF287B6FF70044807E = {
			isa = PBXGroup;
			children = (
				3DA957FA287B6FF70044807E /* CoffeeMastersNew */,
				3DA957F9287B6FF70044807E /* Products */,
			);
			sourceTree = "<group>";
		};
		3DA957F9287B6FF70044807E /* Products */ = {
			isa = PBXGroup;
			children = (
				3DA957F8287B6FF70044807E /* Coffee Masters.app */,
			);
			name = Products;
			sourceTree = "<group>";
		};
		3DA957FA287B6FF70044807E /* CoffeeMastersNew */ = {
			isa = PBXGroup;
			children = (
				3D498438287E69AE00B7044D /* Info.plist */,
				3D49842A287CFE8300B7044D /* Model */,
				3D49841F287CF6C200B7044D /* Page Views */,
				3D49841E287CF6AA00B7044D /* Views */,
				3DA957FB287B6FF70044807E /* CoffeeMastersNewApp.swift */,
				3DA957FD287B6FF70044807E /* ContentView.swift */,
				3DA957FF287B6FFD0044807E /* Assets.xcassets */,
				3DA95801287B6FFD0044807E /* Preview Content */,
			);
			path = CoffeeMastersNew;
			sourceTree = "<group>";
		};
		3DA95801287B6FFD0044807E /* Preview Content */ = {
			isa = PBXGroup;
			children = (
				3DA95802287B6FFD0044807E /* Preview Assets.xcassets */,
			);
			path = "Preview Content";
			sourceTree = "<group>";
		};
/* End PBXGroup section */

/* Begin PBXNativeTarget section */
		3DA957F7287B6FF70044807E /* CoffeeMastersNew */ = {
			isa = PBXNativeTarget;
			buildConfigurationList = 3DA95806287B6FFD0044807E /* Build configuration list for PBXNativeTarget "CoffeeMastersNew" */;
			buildPhases = (
				3DA957F4287B6FF70044807E /* Sources */,
				3DA957F5287B6FF70044807E /* Frameworks */,
				3DA957F6287B6FF70044807E /* Resources */,
			);
			buildRules = (
			);
			dependencies = (
			);
			name = CoffeeMastersNew;
			packageProductDependencies = (
				3D498436287D097F00B7044D /* Alamofire */,
			);
			productName = CoffeeMastersNew;
			productReference = 3DA957F8287B6FF70044807E /* Coffee Masters.app */;
			productType = "com.apple.product-type.application";
		};
/* End PBXNativeTarget section */

/* Begin PBXProject section */
		3DA957F0287B6FF70044807E /* Project object */ = {
			isa = PBXProject;
			attributes = {
				BuildIndependentTargetsInParallel = 1;
				LastSwiftUpdateCheck = 1320;
				LastUpgradeCheck = 1320;
				TargetAttributes = {
					3DA957F7287B6FF70044807E = {
						CreatedOnToolsVersion = 13.2.1;
					};
				};
			};
			buildConfigurationList = 3DA957F3287B6FF70044807E /* Build configuration list for PBXProject "CoffeeMastersNew" */;
			compatibilityVersion = "Xcode 13.0";
			developmentRegion = en;
			hasScannedForEncodings = 0;
			knownRegions = (
				en,
				Base,
			);
			mainGroup = 3DA957EF287B6FF70044807E;
			packageReferences = (
				3D498435287D097E00B7044D /* XCRemoteSwiftPackageReference "Alamofire" */,
			);
			productRefGroup = 3DA957F9287B6FF70044807E /* Products */;
			projectDirPath = "";
			projectRoot = "";
			targets = (
				3DA957F7287B6FF70044807E /* CoffeeMastersNew */,
			);
		};
/* End PBXProject section */

/* Begin PBXResourcesBuildPhase section */
		3DA957F6287B6FF70044807E /* Resources */ = {
			isa = PBXResourcesBuildPhase;
			buildActionMask = 2147483647;
			files = (
				3DA95803287B6FFD0044807E /* Preview Assets.xcassets in Resources */,
				3DA95800287B6FFD0044807E /* Assets.xcassets in Resources */,
			);
			runOnlyForDeploymentPostprocessing = 0;
		};
/* End PBXResourcesBuildPhase section */

/* Begin PBXSourcesBuildPhase section */
		3DA957F4287B6FF70044807E /* Sources */ = {
			isa = PBXSourcesBuildPhase;
			buildActionMask = 2147483647;
			files = (
				3D498430287D010000B7044D /* MenuManager.swift in Sources */,
				3D498432287D011C00B7044D /* CartManager.swift in Sources */,
				3D49841B287BB7C900B7044D /* Offer.swift in Sources */,
				3D49842C287CFE9B00B7044D /* Category.swift in Sources */,
				3D49841D287CE5EF00B7044D /* OffersPage.swift in Sources */,
				3D498421287CF6EF00B7044D /* MenuPage.swift in Sources */,
				3D498429287CF9FD00B7044D /* DetailsPage.swift in Sources */,
				3D49842E287CFEAA00B7044D /* Product.swift in Sources */,
				3D498425287CF71000B7044D /* InfoPage.swift in Sources */,
				3D498434287D062500B7044D /* OrderItem.swift in Sources */,
				3D498427287CF83600B7044D /* ProductItem.swift in Sources */,
				3DA957FE287B6FF70044807E /* ContentView.swift in Sources */,
				3D498423287CF70500B7044D /* OrdersPage.swift in Sources */,
				3DA957FC287B6FF70044807E /* CoffeeMastersNewApp.swift in Sources */,
			);
			runOnlyForDeploymentPostprocessing = 0;
		};
/* End PBXSourcesBuildPhase section */

/* Begin XCBuildConfiguration section */
		3DA95804287B6FFD0044807E /* Debug */ = {
			isa = XCBuildConfiguration;
			buildSettings = {
				ALWAYS_SEARCH_USER_PATHS = NO;
				CLANG_ANALYZER_NONNULL = YES;
				CLANG_ANALYZER_NUMBER_OBJECT_CONVERSION = YES_AGGRESSIVE;
				CLANG_CXX_LANGUAGE_STANDARD = "gnu++17";
				CLANG_CXX_LIBRARY = "libc++";
				CLANG_ENABLE_MODULES = YES;
				CLANG_ENABLE_OBJC_ARC = YES;
				CLANG_ENABLE_OBJC_WEAK = YES;
				CLANG_WARN_BLOCK_CAPTURE_AUTORELEASING = YES;
				CLANG_WARN_BOOL_CONVERSION = YES;
				CLANG_WARN_COMMA = YES;
				CLANG_WARN_CONSTANT_CONVERSION = YES;
				CLANG_WARN_DEPRECATED_OBJC_IMPLEMENTATIONS = YES;
				CLANG_WARN_DIRECT_OBJC_ISA_USAGE = YES_ERROR;
				CLANG_WARN_DOCUMENTATION_COMMENTS = YES;
				CLANG_WARN_EMPTY_BODY = YES;
				CLANG_WARN_ENUM_CONVERSION = YES;
				CLANG_WARN_INFINITE_RECURSION = YES;
				CLANG_WARN_INT_CONVERSION = YES;
				CLANG_WARN_NON_LITERAL_NULL_CONVERSION = YES;
				CLANG_WARN_OBJC_IMPLICIT_RETAIN_SELF = YES;
				CLANG_WARN_OBJC_LITERAL_CONVERSION = YES;
				CLANG_WARN_OBJC_ROOT_CLASS = YES_ERROR;
				CLANG_WARN_QUOTED_INCLUDE_IN_FRAMEWORK_HEADER = YES;
				CLANG_WARN_RANGE_LOOP_ANALYSIS = YES;
				CLANG_WARN_STRICT_PROTOTYPES = YES;
				CLANG_WARN_SUSPICIOUS_MOVE = YES;
				CLANG_WARN_UNGUARDED_AVAILABILITY = YES_AGGRESSIVE;
				CLANG_WARN_UNREACHABLE_CODE = YES;
				CLANG_WARN__DUPLICATE_METHOD_MATCH = YES;
				COPY_PHASE_STRIP = NO;
				DEBUG_INFORMATION_FORMAT = dwarf;
				ENABLE_STRICT_OBJC_MSGSEND = YES;
				ENABLE_TESTABILITY = YES;
				GCC_C_LANGUAGE_STANDARD = gnu11;
				GCC_DYNAMIC_NO_PIC = NO;
				GCC_NO_COMMON_BLOCKS = YES;
				GCC_OPTIMIZATION_LEVEL = 0;
				GCC_PREPROCESSOR_DEFINITIONS = (
					"DEBUG=1",
					"$(inherited)",
				);
				GCC_WARN_64_TO_32_BIT_CONVERSION = YES;
				GCC_WARN_ABOUT_RETURN_TYPE = YES_ERROR;
				GCC_WARN_UNDECLARED_SELECTOR = YES;
				GCC_WARN_UNINITIALIZED_AUTOS = YES_AGGRESSIVE;
				GCC_WARN_UNUSED_FUNCTION = YES;
				GCC_WARN_UNUSED_VARIABLE = YES;
				IPHONEOS_DEPLOYMENT_TARGET = 15.2;
				MTL_ENABLE_DEBUG_INFO = INCLUDE_SOURCE;
				MTL_FAST_MATH = YES;
				ONLY_ACTIVE_ARCH = YES;
				SDKROOT = iphoneos;
				SWIFT_ACTIVE_COMPILATION_CONDITIONS = DEBUG;
				SWIFT_OPTIMIZATION_LEVEL = "-Onone";
			};
			name = Debug;
		};
		3DA95805287B6FFD0044807E /* Release */ = {
			isa = XCBuildConfiguration;
			buildSettings = {
				ALWAYS_SEARCH_USER_PATHS = NO;
				CLANG_ANALYZER_NONNULL = YES;
				CLANG_ANALYZER_NUMBER_OBJECT_CONVERSION = YES_AGGRESSIVE;
				CLANG_CXX_LANGUAGE_STANDARD = "gnu++17";
				CLANG_CXX_LIBRARY = "libc++";
				CLANG_ENABLE_MODULES = YES;
				CLANG_ENABLE_OBJC_ARC = YES;
				CLANG_ENABLE_OBJC_WEAK = YES;
				CLANG_WARN_BLOCK_CAPTURE_AUTORELEASING = YES;
				CLANG_WARN_BOOL_CONVERSION = YES;
				CLANG_WARN_COMMA = YES;
				CLANG_WARN_CONSTANT_CONVERSION = YES;
				CLANG_WARN_DEPRECATED_OBJC_IMPLEMENTATIONS = YES;
				CLANG_WARN_DIRECT_OBJC_ISA_USAGE = YES_ERROR;
				CLANG_WARN_DOCUMENTATION_COMMENTS = YES;
				CLANG_WARN_EMPTY_BODY = YES;
				CLANG_WARN_ENUM_CONVERSION = YES;
				CLANG_WARN_INFINITE_RECURSION = YES;
				CLANG_WARN_INT_CONVERSION = YES;
				CLANG_WARN_NON_LITERAL_NULL_CONVERSION = YES;
				CLANG_WARN_OBJC_IMPLICIT_RETAIN_SELF = YES;
				CLANG_WARN_OBJC_LITERAL_CONVERSION = YES;
				CLANG_WARN_OBJC_ROOT_CLASS = YES_ERROR;
				CLANG_WARN_QUOTED_INCLUDE_IN_FRAMEWORK_HEADER = YES;
				CLANG_WARN_RANGE_LOOP_ANALYSIS = YES;
				CLANG_WARN_STRICT_PROTOTYPES = YES;
				CLANG_WARN_SUSPICIOUS_MOVE = YES;
				CLANG_WARN_UNGUARDED_AVAILABILITY = YES_AGGRESSIVE;
				CLANG_WARN_UNREACHABLE_CODE = YES;
				CLANG_WARN__DUPLICATE_METHOD_MATCH = YES;
				COPY_PHASE_STRIP = NO;
				DEBUG_INFORMATION_FORMAT = "dwarf-with-dsym";
				ENABLE_NS_ASSERTIONS = NO;
				ENABLE_STRICT_OBJC_MSGSEND = YES;
				GCC_C_LANGUAGE_STANDARD = gnu11;
				GCC_NO_COMMON_BLOCKS = YES;
				GCC_WARN_64_TO_32_BIT_CONVERSION = YES;
				GCC_WARN_ABOUT_RETURN_TYPE = YES_ERROR;
				GCC_WARN_UNDECLARED_SELECTOR = YES;
				GCC_WARN_UNINITIALIZED_AUTOS = YES_AGGRESSIVE;
				GCC_WARN_UNUSED_FUNCTION = YES;
				GCC_WARN_UNUSED_VARIABLE = YES;
				IPHONEOS_DEPLOYMENT_TARGET = 15.2;
				MTL_ENABLE_DEBUG_INFO = NO;
				MTL_FAST_MATH = YES;
				SDKROOT = iphoneos;
				SWIFT_COMPILATION_MODE = wholemodule;
				SWIFT_OPTIMIZATION_LEVEL = "-O";
				VALIDATE_PRODUCT = YES;
			};
			name = Release;
		};
		3DA95807287B6FFD0044807E /* Debug */ = {
			isa = XCBuildConfiguration;
			buildSettings = {
				ASSETCATALOG_COMPILER_APPICON_NAME = AppIcon;
				ASSETCATALOG_COMPILER_GLOBAL_ACCENT_COLOR_NAME = AccentColor;
				CODE_SIGN_STYLE = Automatic;
				CURRENT_PROJECT_VERSION = 1;
				DEVELOPMENT_ASSET_PATHS = "\"CoffeeMastersNew/Preview Content\"";
				DEVELOPMENT_TEAM = M4WL9Z7466;
				ENABLE_PREVIEWS = YES;
				GENERATE_INFOPLIST_FILE = YES;
				INFOPLIST_FILE = CoffeeMastersNew/Info.plist;
				INFOPLIST_KEY_UIApplicationSceneManifest_Generation = YES;
				INFOPLIST_KEY_UIApplicationSupportsIndirectInputEvents = YES;
				INFOPLIST_KEY_UISupportedInterfaceOrientations_iPad = "UIInterfaceOrientationPortrait UIInterfaceOrientationPortraitUpsideDown UIInterfaceOrientationLandscapeLeft UIInterfaceOrientationLandscapeRight";
				INFOPLIST_KEY_UISupportedInterfaceOrientations_iPhone = "UIInterfaceOrientationPortrait UIInterfaceOrientationLandscapeLeft UIInterfaceOrientationLandscapeRight";
				LD_RUNPATH_SEARCH_PATHS = (
					"$(inherited)",
					"@executable_path/Frameworks",
				);
				MARKETING_VERSION = 1.0;
				PRODUCT_BUNDLE_IDENTIFIER = com.marcelanis.CoffeeMastersNew;
				PRODUCT_NAME = "Coffee Masters";
				SWIFT_EMIT_LOC_STRINGS = YES;
				SWIFT_VERSION = 5.0;
				TARGETED_DEVICE_FAMILY = "1,2";
			};
			name = Debug;
		};
		3DA95808287B6FFD0044807E /* Release */ = {
			isa = XCBuildConfiguration;
			buildSettings = {
				ASSETCATALOG_COMPILER_APPICON_NAME = AppIcon;
				ASSETCATALOG_COMPILER_GLOBAL_ACCENT_COLOR_NAME = AccentColor;
				CODE_SIGN_STYLE = Automatic;
				CURRENT_PROJECT_VERSION = 1;
				DEVELOPMENT_ASSET_PATHS = "\"CoffeeMastersNew/Preview Content\"";
				DEVELOPMENT_TEAM = M4WL9Z7466;
				ENABLE_PREVIEWS = YES;
				GENERATE_INFOPLIST_FILE = YES;
				INFOPLIST_FILE = CoffeeMastersNew/Info.plist;
				INFOPLIST_KEY_UIApplicationSceneManifest_Generation = YES;
				INFOPLIST_KEY_UIApplicationSupportsIndirectInputEvents = YES;
				INFOPLIST_KEY_UISupportedInterfaceOrientations_iPad = "UIInterfaceOrientationPortrait UIInterfaceOrientationPortraitUpsideDown UIInterfaceOrientationLandscapeLeft UIInterfaceOrientationLandscapeRight";
				INFOPLIST_KEY_UISupportedInterfaceOrientations_iPhone = "UIInterfaceOrientationPortrait UIInterfaceOrientationLandscapeLeft UIInterfaceOrientationLandscapeRight";
				LD_RUNPATH_SEARCH_PATHS = (
					"$(inherited)",
					"@executable_path/Frameworks",
				);
				MARKETING_VERSION = 1.0;
				PRODUCT_BUNDLE_IDENTIFIER = com.marcelanis.CoffeeMastersNew;
				PRODUCT_NAME = "Coffee Masters";
				SWIFT_EMIT_LOC_STRINGS = YES;
				SWIFT_VERSION = 5.0;
				TARGETED_DEVICE_FAMILY = "1,2";
			};
			name = Release;
		};
/* End XCBuildConfiguration section */

/* Begin XCConfigurationList section */
		3DA957F3287B6FF70044807E /* Build configuration list for PBXProject "CoffeeMastersNew" */ = {
			isa = XCConfigurationList;
			buildConfigurations = (
				3DA95804287B6FFD0044807E /* Debug */,
				3DA95805287B6FFD0044807E /* Release */,
			);
			defaultConfigurationIsVisible = 0;
			defaultConfigurationName = Release;
		};
		3DA95806287B6FFD0044807E /* Build configuration list for PBXNativeTarget "CoffeeMastersNew" */ = {
			isa = XCConfigurationList;
			buildConfigurations = (
				3DA95807287B6FFD0044807E /* Debug */,
				3DA95808287B6FFD0044807E /* Release */,
			);
			defaultConfigurationIsVisible = 0;
			defaultConfigurationName = Release;
		};
/* End XCConfigurationList section */

/* Begin XCRemoteSwiftPackageReference section */
		3D498435287D097E00B7044D /* XCRemoteSwiftPackageReference "Alamofire" */ = {
			isa = XCRemoteSwiftPackageReference;
			repositoryURL = "https://github.com/Alamofire/Alamofire.git";
			requirement = {
				kind = upToNextMajorVersion;
				minimumVersion = 5.0.0;
			};
		};
/* End XCRemoteSwiftPackageReference section */

/* Begin XCSwiftPackageProductDependency section */
		3D498436287D097F00B7044D /* Alamofire */ = {
			isa = XCSwiftPackageProductDependency;
			package = 3D498435287D097E00B7044D /* XCRemoteSwiftPackageReference "Alamofire" */;
			productName = Alamofire;
		};
/* End XCSwiftPackageProductDependency section */
	};
	rootObject = 3DA957F0287B6FF70044807E /* Project object */;
}
